
Microsoft Visual Studio Solution File, Format Version 12.00
# Visual Studio Version 17
VisualStudioVersion = 17.3.32922.545
MinimumVisualStudioVersion = 10.0.40219.1
Project("{9A19103F-16F7-4668-BE54-9A1E7A4F7556}") = "ChessParadigm", "ChessParadigm\ChessParadigm.csproj", "{13B19DAF-0405-4F7F-9674-54C02F63713C}"
EndProject
Global
	GlobalSection(SolutionConfigurationPlatforms) = preSolution
		Debug|Any CPU = Debug|Any CPU
		Release|Any CPU = Release|Any CPU
	EndGlobalSection
	GlobalSection(ProjectConfigurationPlatforms) = postSolution
		{13B19DAF-0405-4F7F-9674-54C02F63713C}.Debug|Any CPU.ActiveCfg = Debug|Any CPU
		{13B19DAF-0405-4F7F-9674-54C02F63713C}.Debug|Any CPU.Build.0 = Debug|Any CPU
		{13B19DAF-0405-4F7F-9674-54C02F63713C}.Release|Any CPU.ActiveCfg = Release|Any CPU
		{13B19DAF-0405-4F7F-9674-54C02F63713C}.Release|Any CPU.Build.0 = Release|Any CPU
	EndGlobalSection
	GlobalSection(SolutionProperties) = preSolution
		HideSolutionNode = FALSE
	EndGlobalSection
	GlobalSection(ExtensibilityGlobals) = postSolution
		SolutionGuid = {41226676-E8CE-4828-8701-06A31AAE6C29}
	EndGlobalSection
EndGlobal
