
Microsoft Visual Studio Solution File, Format Version 12.00
# Visual Studio Version 17
VisualStudioVersion = 17.3.32922.545
MinimumVisualStudioVersion = 10.0.40219.1
Project("{FAE04EC0-301F-11D3-BF4B-00C04F79EFBC}") = "ChessServer", "ChessServer\ChessServer.csproj", "{813DDF6F-8C74-47AE-82FA-552B7861B6D1}"
EndProject
Global
	GlobalSection(SolutionConfigurationPlatforms) = preSolution
		Debug|Any CPU = Debug|Any CPU
		Release|Any CPU = Release|Any CPU
	EndGlobalSection
	GlobalSection(ProjectConfigurationPlatforms) = postSolution
		{813DDF6F-8C74-47AE-82FA-552B7861B6D1}.Debug|Any CPU.ActiveCfg = Debug|Any CPU
		{813DDF6F-8C74-47AE-82FA-552B7861B6D1}.Debug|Any CPU.Build.0 = Debug|Any CPU
		{813DDF6F-8C74-47AE-82FA-552B7861B6D1}.Release|Any CPU.ActiveCfg = Release|Any CPU
		{813DDF6F-8C74-47AE-82FA-552B7861B6D1}.Release|Any CPU.Build.0 = Release|Any CPU
	EndGlobalSection
	GlobalSection(SolutionProperties) = preSolution
		HideSolutionNode = FALSE
	EndGlobalSection
	GlobalSection(ExtensibilityGlobals) = postSolution
		SolutionGuid = {DE0159D8-8E7F-4D77-AFEA-A0EFCFED8F2F}
	EndGlobalSection
EndGlobal
